
Microsoft Visual Studio Solution File, Format Version 12.00
# Visual Studio Version 16
VisualStudioVersion = 16.0.29613.14
MinimumVisualStudioVersion = 10.0.40219.1
Project("{FAE04EC0-301F-11D3-BF4B-00C04F79EFBC}") = "param", "param\param.csproj", "{4666A68A-BD04-48F9-BC53-0E50A591E990}"
EndProject
Global
	GlobalSection(SolutionConfigurationPlatforms) = preSolution
		Debug|Any CPU = Debug|Any CPU
		Release|Any CPU = Release|Any CPU
	EndGlobalSection
	GlobalSection(ProjectConfigurationPlatforms) = postSolution
		{4666A68A-BD04-48F9-BC53-0E50A591E990}.Debug|Any CPU.ActiveCfg = Debug|Any CPU
		{4666A68A-BD04-48F9-BC53-0E50A591E990}.Debug|Any CPU.Build.0 = Debug|Any CPU
		{4666A68A-BD04-48F9-BC53-0E50A591E990}.Release|Any CPU.ActiveCfg = Release|Any CPU
		{4666A68A-BD04-48F9-BC53-0E50A591E990}.Release|Any CPU.Build.0 = Release|Any CPU
	EndGlobalSection
	GlobalSection(SolutionProperties) = preSolution
		HideSolutionNode = FALSE
	EndGlobalSection
	GlobalSection(ExtensibilityGlobals) = postSolution
		SolutionGuid = {0A3CE8A3-7497-4FDC-B47A-87F35B12B708}
	EndGlobalSection
EndGlobal
